// !$*UTF8*$!
{
	archiveVersion = 1;
	classes = {
	};
	objectVersion = 48;
	objects = {

/* Begin PBXBuildFile section */
		0F16251C20728DD200E26778 /* SearchCell.swift in Sources */ = {isa = PBXBuildFile; fileRef = 0F16251B20728DD200E26778 /* SearchCell.swift */; };
		0F16251F2072929900E26778 /* DetailsListVC.swift in Sources */ = {isa = PBXBuildFile; fileRef = 0F16251E2072929900E26778 /* DetailsListVC.swift */; };
		0F162521207292A700E26778 /* DetailList.storyboard in Resources */ = {isa = PBXBuildFile; fileRef = 0F162520207292A700E26778 /* DetailList.storyboard */; };
		0F162523207293A900E26778 /* DetailCollCell.swift in Sources */ = {isa = PBXBuildFile; fileRef = 0F162522207293A900E26778 /* DetailCollCell.swift */; };
		0F177CB2205839A8006FA4AF /* CheckOutVC.swift in Sources */ = {isa = PBXBuildFile; fileRef = 0F177CB1205839A8006FA4AF /* CheckOutVC.swift */; };
		0F177CB5205839DA006FA4AF /* PaymentVC.swift in Sources */ = {isa = PBXBuildFile; fileRef = 0F177CB4205839DA006FA4AF /* PaymentVC.swift */; };
		0F177CB7205839EA006FA4AF /* Payment.storyboard in Resources */ = {isa = PBXBuildFile; fileRef = 0F177CB6205839EA006FA4AF /* Payment.storyboard */; };
		0F177CB9205839FD006FA4AF /* CheckOut.storyboard in Resources */ = {isa = PBXBuildFile; fileRef = 0F177CB8205839FD006FA4AF /* CheckOut.storyboard */; };
		0F177CBC20583A5F006FA4AF /* PaymentType.storyboard in Resources */ = {isa = PBXBuildFile; fileRef = 0F177CBB20583A5F006FA4AF /* PaymentType.storyboard */; };
		0F177CBE20583A78006FA4AF /* PaymentTypeVC.swift in Sources */ = {isa = PBXBuildFile; fileRef = 0F177CBD20583A78006FA4AF /* PaymentTypeVC.swift */; };
		0F177CC020583FAC006FA4AF /* CartCell.swift in Sources */ = {isa = PBXBuildFile; fileRef = 0F177CBF20583FAC006FA4AF /* CartCell.swift */; };
		0F177CC220584E29006FA4AF /* LocationManager.swift in Sources */ = {isa = PBXBuildFile; fileRef = 0F177CC120584E29006FA4AF /* LocationManager.swift */; };
		0F265378205E9BB700D7E7DA /* CommonHelper.swift in Sources */ = {isa = PBXBuildFile; fileRef = 0F265377205E9BB700D7E7DA /* CommonHelper.swift */; };
		0F26537B205EC92900D7E7DA /* CheckoutItemCell.swift in Sources */ = {isa = PBXBuildFile; fileRef = 0F26537A205EC92900D7E7DA /* CheckoutItemCell.swift */; };
		0F26537D205EC95400D7E7DA /* ChekoutTotalCell.swift in Sources */ = {isa = PBXBuildFile; fileRef = 0F26537C205EC95400D7E7DA /* ChekoutTotalCell.swift */; };
		0F26537F205EC97500D7E7DA /* DeliveryCell.swift in Sources */ = {isa = PBXBuildFile; fileRef = 0F26537E205EC97500D7E7DA /* DeliveryCell.swift */; };
		0FC5E43C2073E67B00A0CF29 /* ProfileFotter.swift in Sources */ = {isa = PBXBuildFile; fileRef = 0FC5E43A2073E67B00A0CF29 /* ProfileFotter.swift */; };
		0FC5E43D2073E67B00A0CF29 /* ProfileFotter.xib in Resources */ = {isa = PBXBuildFile; fileRef = 0FC5E43B2073E67B00A0CF29 /* ProfileFotter.xib */; };
		189D6DF720579BD000AA7ECA /* Login.storyboard in Resources */ = {isa = PBXBuildFile; fileRef = 189D6DF620579BD000AA7ECA /* Login.storyboard */; };
		189D6DF920579BEA00AA7ECA /* Registration.storyboard in Resources */ = {isa = PBXBuildFile; fileRef = 189D6DF820579BEA00AA7ECA /* Registration.storyboard */; };
		189D6DFB20579C3100AA7ECA /* LoginVC.swift in Sources */ = {isa = PBXBuildFile; fileRef = 189D6DFA20579C3100AA7ECA /* LoginVC.swift */; };
		189D6DFD20579C6200AA7ECA /* RegistrationVC.swift in Sources */ = {isa = PBXBuildFile; fileRef = 189D6DFC20579C6200AA7ECA /* RegistrationVC.swift */; };
		189D6E032057B9D000AA7ECA /* HomeVC.swift in Sources */ = {isa = PBXBuildFile; fileRef = 189D6E022057B9D000AA7ECA /* HomeVC.swift */; };
		189D6E052057B9E800AA7ECA /* Home.storyboard in Resources */ = {isa = PBXBuildFile; fileRef = 189D6E042057B9E800AA7ECA /* Home.storyboard */; };
		189D6E0A2057BB2A00AA7ECA /* MyProfileVC.swift in Sources */ = {isa = PBXBuildFile; fileRef = 189D6E092057BB2A00AA7ECA /* MyProfileVC.swift */; };
		189D6E0D2057BB4800AA7ECA /* MyProfile.storyboard in Resources */ = {isa = PBXBuildFile; fileRef = 189D6E0C2057BB4800AA7ECA /* MyProfile.storyboard */; };
		189D6E0F2057BB7200AA7ECA /* History.storyboard in Resources */ = {isa = PBXBuildFile; fileRef = 189D6E0E2057BB7200AA7ECA /* History.storyboard */; };
		189D6E112057BB9400AA7ECA /* HistoryVC.swift in Sources */ = {isa = PBXBuildFile; fileRef = 189D6E102057BB9400AA7ECA /* HistoryVC.swift */; };
		189D6E132057BBAD00AA7ECA /* SearchVC.swift in Sources */ = {isa = PBXBuildFile; fileRef = 189D6E122057BBAD00AA7ECA /* SearchVC.swift */; };
		189D6E152057BBC000AA7ECA /* Search.storyboard in Resources */ = {isa = PBXBuildFile; fileRef = 189D6E142057BBC000AA7ECA /* Search.storyboard */; };
		189D6E182057BCB600AA7ECA /* TabBarControl.swift in Sources */ = {isa = PBXBuildFile; fileRef = 189D6E172057BCB600AA7ECA /* TabBarControl.swift */; };
		189D6E1A2057BD1200AA7ECA /* TabBar.storyboard in Resources */ = {isa = PBXBuildFile; fileRef = 189D6E192057BD1200AA7ECA /* TabBar.storyboard */; };
		189D6E1D2057D71200AA7ECA /* Filters.storyboard in Resources */ = {isa = PBXBuildFile; fileRef = 189D6E1C2057D71200AA7ECA /* Filters.storyboard */; };
		189D6E1F2057D73500AA7ECA /* FiltersVC.swift in Sources */ = {isa = PBXBuildFile; fileRef = 189D6E1E2057D73500AA7ECA /* FiltersVC.swift */; };
		189D6E222057D82300AA7ECA /* CartVC.swift in Sources */ = {isa = PBXBuildFile; fileRef = 189D6E212057D82300AA7ECA /* CartVC.swift */; };
		189D6E242057D84700AA7ECA /* Cart.storyboard in Resources */ = {isa = PBXBuildFile; fileRef = 189D6E232057D84700AA7ECA /* Cart.storyboard */; };
		189D6E292057DA5B00AA7ECA /* MenuItems.storyboard in Resources */ = {isa = PBXBuildFile; fileRef = 189D6E282057DA5B00AA7ECA /* MenuItems.storyboard */; };
		189D6E2B2057DA9000AA7ECA /* MenuItemsVC.swift in Sources */ = {isa = PBXBuildFile; fileRef = 189D6E2A2057DA9000AA7ECA /* MenuItemsVC.swift */; };
		189D6E2E2057E84400AA7ECA /* ResturentCell.swift in Sources */ = {isa = PBXBuildFile; fileRef = 189D6E2D2057E84400AA7ECA /* ResturentCell.swift */; };
		189D6E302057E89800AA7ECA /* ResturentCollCell.swift in Sources */ = {isa = PBXBuildFile; fileRef = 189D6E2F2057E89800AA7ECA /* ResturentCollCell.swift */; };
		189D6E342057FC6800AA7ECA /* AddItemVC.swift in Sources */ = {isa = PBXBuildFile; fileRef = 189D6E332057FC6800AA7ECA /* AddItemVC.swift */; };
		189D6E362057FC9200AA7ECA /* AddItem.storyboard in Resources */ = {isa = PBXBuildFile; fileRef = 189D6E352057FC9200AA7ECA /* AddItem.storyboard */; };
		189FACD220733CE10061C5AC /* ChangePasswordVC.swift in Sources */ = {isa = PBXBuildFile; fileRef = 189FACD120733CE10061C5AC /* ChangePasswordVC.swift */; };
		189FACD420733CF40061C5AC /* ChangePassword.storyboard in Resources */ = {isa = PBXBuildFile; fileRef = 189FACD320733CF40061C5AC /* ChangePassword.storyboard */; };
		189FACD620733D6C0061C5AC /* EditInfo.storyboard in Resources */ = {isa = PBXBuildFile; fileRef = 189FACD520733D6C0061C5AC /* EditInfo.storyboard */; };
		189FACD820733D7F0061C5AC /* EditInfoVC.swift in Sources */ = {isa = PBXBuildFile; fileRef = 189FACD720733D7F0061C5AC /* EditInfoVC.swift */; };
		18A4D6B0205F7F6D0002FAA9 /* TriangleView.swift in Sources */ = {isa = PBXBuildFile; fileRef = 18A4D6AF205F7F6D0002FAA9 /* TriangleView.swift */; };
		18B9C4BC20579555004CEDA5 /* AppDelegate.swift in Sources */ = {isa = PBXBuildFile; fileRef = 18B9C4BB20579555004CEDA5 /* AppDelegate.swift */; };
		18B9C4BE20579555004CEDA5 /* ViewController.swift in Sources */ = {isa = PBXBuildFile; fileRef = 18B9C4BD20579555004CEDA5 /* ViewController.swift */; };
		18B9C4C120579555004CEDA5 /* Main.storyboard in Resources */ = {isa = PBXBuildFile; fileRef = 18B9C4BF20579555004CEDA5 /* Main.storyboard */; };
		18B9C4C420579555004CEDA5 /* GRABULL.xcdatamodeld in Sources */ = {isa = PBXBuildFile; fileRef = 18B9C4C220579555004CEDA5 /* GRABULL.xcdatamodeld */; };
		18B9C4C620579555004CEDA5 /* Assets.xcassets in Resources */ = {isa = PBXBuildFile; fileRef = 18B9C4C520579555004CEDA5 /* Assets.xcassets */; };
		18B9C4C920579555004CEDA5 /* LaunchScreen.storyboard in Resources */ = {isa = PBXBuildFile; fileRef = 18B9C4C720579555004CEDA5 /* LaunchScreen.storyboard */; };
		18B9C4D420579556004CEDA5 /* GRABULLTests.swift in Sources */ = {isa = PBXBuildFile; fileRef = 18B9C4D320579556004CEDA5 /* GRABULLTests.swift */; };
		18B9C4DF20579556004CEDA5 /* GRABULLUITests.swift in Sources */ = {isa = PBXBuildFile; fileRef = 18B9C4DE20579556004CEDA5 /* GRABULLUITests.swift */; };
		18C79A782063949500DDDBDE /* EditAddress.swift in Sources */ = {isa = PBXBuildFile; fileRef = 18C79A772063949500DDDBDE /* EditAddress.swift */; };
		18C79A7A206394CF00DDDBDE /* EditAddress.storyboard in Resources */ = {isa = PBXBuildFile; fileRef = 18C79A79206394CF00DDDBDE /* EditAddress.storyboard */; };
		18C79A7C2063959B00DDDBDE /* AddressList.storyboard in Resources */ = {isa = PBXBuildFile; fileRef = 18C79A7B2063959B00DDDBDE /* AddressList.storyboard */; };
		18C79A7E206395DC00DDDBDE /* AddressList.swift in Sources */ = {isa = PBXBuildFile; fileRef = 18C79A7D206395DC00DDDBDE /* AddressList.swift */; };
		18CC38CD20590DA70026A3B2 /* Constant.swift in Sources */ = {isa = PBXBuildFile; fileRef = 18CC38CC20590DA70026A3B2 /* Constant.swift */; };
		18CC38CF2059363F0026A3B2 /* View.swift in Sources */ = {isa = PBXBuildFile; fileRef = 18CC38CE2059363F0026A3B2 /* View.swift */; };
		18CC38D1205940E60026A3B2 /* DefaultDataManager.swift in Sources */ = {isa = PBXBuildFile; fileRef = 18CC38D0205940E50026A3B2 /* DefaultDataManager.swift */; };
		18CC38D6205947A70026A3B2 /* UIColor+KCSColor.swift in Sources */ = {isa = PBXBuildFile; fileRef = 18CC38D3205947A60026A3B2 /* UIColor+KCSColor.swift */; };
		18CC38D7205947A80026A3B2 /* UIView+CardView.swift in Sources */ = {isa = PBXBuildFile; fileRef = 18CC38D4205947A70026A3B2 /* UIView+CardView.swift */; };
		18CC38D8205947A80026A3B2 /* TextField.swift in Sources */ = {isa = PBXBuildFile; fileRef = 18CC38D5205947A70026A3B2 /* TextField.swift */; };
		18FEF6D5205A49C40026D61E /* Validations.swift in Sources */ = {isa = PBXBuildFile; fileRef = 18FEF6D4205A49C40026D61E /* Validations.swift */; };
		18FEF6D7205A4A790026D61E /* ConnectionHelper.swift in Sources */ = {isa = PBXBuildFile; fileRef = 18FEF6D6205A4A790026D61E /* ConnectionHelper.swift */; };
		18FEF6D9205A6E3E0026D61E /* HistoryCollCell.swift in Sources */ = {isa = PBXBuildFile; fileRef = 18FEF6D8205A6E3E0026D61E /* HistoryCollCell.swift */; };
		18FEF6DC205A71010026D61E /* AboutUsVC.swift in Sources */ = {isa = PBXBuildFile; fileRef = 18FEF6DB205A71010026D61E /* AboutUsVC.swift */; };
		18FEF6DE205A71440026D61E /* AboutUs.storyboard in Resources */ = {isa = PBXBuildFile; fileRef = 18FEF6DD205A71440026D61E /* AboutUs.storyboard */; };
		19F95BBF439CB0A44DF7B47F /* Pods_GRABULL.framework in Frameworks */ = {isa = PBXBuildFile; fileRef = 375652D5E69C371FF7CD2A9D /* Pods_GRABULL.framework */; };
		6400FD07BB0C55EFA6427344 /* Pods_GRABULLTests.framework in Frameworks */ = {isa = PBXBuildFile; fileRef = 9AAF62CA7B92BE08DD20FC40 /* Pods_GRABULLTests.framework */; };
		8AB7CA16B010A5CA57AD3C77 /* Pods_GRABULLUITests.framework in Frameworks */ = {isa = PBXBuildFile; fileRef = 6CE65A010B8CDE359E709405 /* Pods_GRABULLUITests.framework */; };
/* End PBXBuildFile section */

/* Begin PBXContainerItemProxy section */
		18B9C4D020579556004CEDA5 /* PBXContainerItemProxy */ = {
			isa = PBXContainerItemProxy;
			containerPortal = 18B9C4B020579555004CEDA5 /* Project object */;
			proxyType = 1;
			remoteGlobalIDString = 18B9C4B720579555004CEDA5;
			remoteInfo = GRABULL;
		};
		18B9C4DB20579556004CEDA5 /* PBXContainerItemProxy */ = {
			isa = PBXContainerItemProxy;
			containerPortal = 18B9C4B020579555004CEDA5 /* Project object */;
			proxyType = 1;
			remoteGlobalIDString = 18B9C4B720579555004CEDA5;
			remoteInfo = GRABULL;
		};
/* End PBXContainerItemProxy section */

/* Begin PBXFileReference section */
		07794C966096D7CEA7514FF0 /* Pods-GRABULL.debug.xcconfig */ = {isa = PBXFileReference; includeInIndex = 1; lastKnownFileType = text.xcconfig; name = "Pods-GRABULL.debug.xcconfig"; path = "Pods/Target Support Files/Pods-GRABULL/Pods-GRABULL.debug.xcconfig"; sourceTree = "<group>"; };
		0F16251B20728DD200E26778 /* SearchCell.swift */ = {isa = PBXFileReference; lastKnownFileType = sourcecode.swift; path = SearchCell.swift; sourceTree = "<group>"; };
		0F16251E2072929900E26778 /* DetailsListVC.swift */ = {isa = PBXFileReference; lastKnownFileType = sourcecode.swift; path = DetailsListVC.swift; sourceTree = "<group>"; };
		0F162520207292A700E26778 /* DetailList.storyboard */ = {isa = PBXFileReference; lastKnownFileType = file.storyboard; path = DetailList.storyboard; sourceTree = "<group>"; };
		0F162522207293A900E26778 /* DetailCollCell.swift */ = {isa = PBXFileReference; lastKnownFileType = sourcecode.swift; path = DetailCollCell.swift; sourceTree = "<group>"; };
		0F177CB1205839A8006FA4AF /* CheckOutVC.swift */ = {isa = PBXFileReference; lastKnownFileType = sourcecode.swift; path = CheckOutVC.swift; sourceTree = "<group>"; };
		0F177CB4205839DA006FA4AF /* PaymentVC.swift */ = {isa = PBXFileReference; lastKnownFileType = sourcecode.swift; path = PaymentVC.swift; sourceTree = "<group>"; };
		0F177CB6205839EA006FA4AF /* Payment.storyboard */ = {isa = PBXFileReference; lastKnownFileType = file.storyboard; path = Payment.storyboard; sourceTree = "<group>"; };
		0F177CB8205839FD006FA4AF /* CheckOut.storyboard */ = {isa = PBXFileReference; lastKnownFileType = file.storyboard; path = CheckOut.storyboard; sourceTree = "<group>"; };
		0F177CBB20583A5F006FA4AF /* PaymentType.storyboard */ = {isa = PBXFileReference; lastKnownFileType = file.storyboard; path = PaymentType.storyboard; sourceTree = "<group>"; };
		0F177CBD20583A78006FA4AF /* PaymentTypeVC.swift */ = {isa = PBXFileReference; lastKnownFileType = sourcecode.swift; path = PaymentTypeVC.swift; sourceTree = "<group>"; };
		0F177CBF20583FAC006FA4AF /* CartCell.swift */ = {isa = PBXFileReference; lastKnownFileType = sourcecode.swift; path = CartCell.swift; sourceTree = "<group>"; };
		0F177CC120584E29006FA4AF /* LocationManager.swift */ = {isa = PBXFileReference; fileEncoding = 4; lastKnownFileType = sourcecode.swift; path = LocationManager.swift; sourceTree = "<group>"; };
		0F265377205E9BB700D7E7DA /* CommonHelper.swift */ = {isa = PBXFileReference; lastKnownFileType = sourcecode.swift; path = CommonHelper.swift; sourceTree = "<group>"; };
		0F26537A205EC92900D7E7DA /* CheckoutItemCell.swift */ = {isa = PBXFileReference; lastKnownFileType = sourcecode.swift; path = CheckoutItemCell.swift; sourceTree = "<group>"; };
		0F26537C205EC95400D7E7DA /* ChekoutTotalCell.swift */ = {isa = PBXFileReference; lastKnownFileType = sourcecode.swift; path = ChekoutTotalCell.swift; sourceTree = "<group>"; };
		0F26537E205EC97500D7E7DA /* DeliveryCell.swift */ = {isa = PBXFileReference; lastKnownFileType = sourcecode.swift; path = DeliveryCell.swift; sourceTree = "<group>"; };
		0FC5E43A2073E67B00A0CF29 /* ProfileFotter.swift */ = {isa = PBXFileReference; lastKnownFileType = sourcecode.swift; path = ProfileFotter.swift; sourceTree = "<group>"; };
		0FC5E43B2073E67B00A0CF29 /* ProfileFotter.xib */ = {isa = PBXFileReference; lastKnownFileType = file.xib; path = ProfileFotter.xib; sourceTree = "<group>"; };
		189D6DF620579BD000AA7ECA /* Login.storyboard */ = {isa = PBXFileReference; lastKnownFileType = file.storyboard; path = Login.storyboard; sourceTree = "<group>"; };
		189D6DF820579BEA00AA7ECA /* Registration.storyboard */ = {isa = PBXFileReference; lastKnownFileType = file.storyboard; path = Registration.storyboard; sourceTree = "<group>"; };
		189D6DFA20579C3100AA7ECA /* LoginVC.swift */ = {isa = PBXFileReference; lastKnownFileType = sourcecode.swift; path = LoginVC.swift; sourceTree = "<group>"; };
		189D6DFC20579C6200AA7ECA /* RegistrationVC.swift */ = {isa = PBXFileReference; lastKnownFileType = sourcecode.swift; path = RegistrationVC.swift; sourceTree = "<group>"; };
		189D6E022057B9D000AA7ECA /* HomeVC.swift */ = {isa = PBXFileReference; lastKnownFileType = sourcecode.swift; path = HomeVC.swift; sourceTree = "<group>"; };
		189D6E042057B9E800AA7ECA /* Home.storyboard */ = {isa = PBXFileReference; lastKnownFileType = file.storyboard; path = Home.storyboard; sourceTree = "<group>"; };
		189D6E092057BB2A00AA7ECA /* MyProfileVC.swift */ = {isa = PBXFileReference; lastKnownFileType = sourcecode.swift; path = MyProfileVC.swift; sourceTree = "<group>"; };
		189D6E0C2057BB4800AA7ECA /* MyProfile.storyboard */ = {isa = PBXFileReference; lastKnownFileType = file.storyboard; path = MyProfile.storyboard; sourceTree = "<group>"; };
		189D6E0E2057BB7200AA7ECA /* History.storyboard */ = {isa = PBXFileReference; lastKnownFileType = file.storyboard; path = History.storyboard; sourceTree = "<group>"; };
		189D6E102057BB9400AA7ECA /* HistoryVC.swift */ = {isa = PBXFileReference; lastKnownFileType = sourcecode.swift; path = HistoryVC.swift; sourceTree = "<group>"; };
		189D6E122057BBAD00AA7ECA /* SearchVC.swift */ = {isa = PBXFileReference; lastKnownFileType = sourcecode.swift; path = SearchVC.swift; sourceTree = "<group>"; };
		189D6E142057BBC000AA7ECA /* Search.storyboard */ = {isa = PBXFileReference; lastKnownFileType = file.storyboard; path = Search.storyboard; sourceTree = "<group>"; };
		189D6E172057BCB600AA7ECA /* TabBarControl.swift */ = {isa = PBXFileReference; lastKnownFileType = sourcecode.swift; path = TabBarControl.swift; sourceTree = "<group>"; };
		189D6E192057BD1200AA7ECA /* TabBar.storyboard */ = {isa = PBXFileReference; lastKnownFileType = file.storyboard; path = TabBar.storyboard; sourceTree = "<group>"; };
		189D6E1C2057D71200AA7ECA /* Filters.storyboard */ = {isa = PBXFileReference; lastKnownFileType = file.storyboard; path = Filters.storyboard; sourceTree = "<group>"; };
		189D6E1E2057D73500AA7ECA /* FiltersVC.swift */ = {isa = PBXFileReference; lastKnownFileType = sourcecode.swift; path = FiltersVC.swift; sourceTree = "<group>"; };
		189D6E212057D82300AA7ECA /* CartVC.swift */ = {isa = PBXFileReference; lastKnownFileType = sourcecode.swift; path = CartVC.swift; sourceTree = "<group>"; };
		189D6E232057D84700AA7ECA /* Cart.storyboard */ = {isa = PBXFileReference; lastKnownFileType = file.storyboard; path = Cart.storyboard; sourceTree = "<group>"; };
		189D6E282057DA5B00AA7ECA /* MenuItems.storyboard */ = {isa = PBXFileReference; lastKnownFileType = file.storyboard; path = MenuItems.storyboard; sourceTree = "<group>"; };
		189D6E2A2057DA9000AA7ECA /* MenuItemsVC.swift */ = {isa = PBXFileReference; lastKnownFileType = sourcecode.swift; path = MenuItemsVC.swift; sourceTree = "<group>"; };
		189D6E2D2057E84400AA7ECA /* ResturentCell.swift */ = {isa = PBXFileReference; lastKnownFileType = sourcecode.swift; path = ResturentCell.swift; sourceTree = "<group>"; };
		189D6E2F2057E89800AA7ECA /* ResturentCollCell.swift */ = {isa = PBXFileReference; lastKnownFileType = sourcecode.swift; path = ResturentCollCell.swift; sourceTree = "<group>"; };
		189D6E332057FC6800AA7ECA /* AddItemVC.swift */ = {isa = PBXFileReference; lastKnownFileType = sourcecode.swift; path = AddItemVC.swift; sourceTree = "<group>"; };
		189D6E352057FC9200AA7ECA /* AddItem.storyboard */ = {isa = PBXFileReference; lastKnownFileType = file.storyboard; path = AddItem.storyboard; sourceTree = "<group>"; };
		189FACD120733CE10061C5AC /* ChangePasswordVC.swift */ = {isa = PBXFileReference; lastKnownFileType = sourcecode.swift; path = ChangePasswordVC.swift; sourceTree = "<group>"; };
		189FACD320733CF40061C5AC /* ChangePassword.storyboard */ = {isa = PBXFileReference; lastKnownFileType = file.storyboard; path = ChangePassword.storyboard; sourceTree = "<group>"; };
		189FACD520733D6C0061C5AC /* EditInfo.storyboard */ = {isa = PBXFileReference; lastKnownFileType = file.storyboard; path = EditInfo.storyboard; sourceTree = "<group>"; };
		189FACD720733D7F0061C5AC /* EditInfoVC.swift */ = {isa = PBXFileReference; lastKnownFileType = sourcecode.swift; path = EditInfoVC.swift; sourceTree = "<group>"; };
		18A4D6AF205F7F6D0002FAA9 /* TriangleView.swift */ = {isa = PBXFileReference; lastKnownFileType = sourcecode.swift; path = TriangleView.swift; sourceTree = "<group>"; };
		18B9C4B820579555004CEDA5 /* GRABULL.app */ = {isa = PBXFileReference; explicitFileType = wrapper.application; includeInIndex = 0; path = GRABULL.app; sourceTree = BUILT_PRODUCTS_DIR; };
		18B9C4BB20579555004CEDA5 /* AppDelegate.swift */ = {isa = PBXFileReference; lastKnownFileType = sourcecode.swift; path = AppDelegate.swift; sourceTree = "<group>"; };
		18B9C4BD20579555004CEDA5 /* ViewController.swift */ = {isa = PBXFileReference; lastKnownFileType = sourcecode.swift; path = ViewController.swift; sourceTree = "<group>"; };
		18B9C4C020579555004CEDA5 /* Base */ = {isa = PBXFileReference; lastKnownFileType = file.storyboard; name = Base; path = Base.lproj/Main.storyboard; sourceTree = "<group>"; };
		18B9C4C320579555004CEDA5 /* GRABULL.xcdatamodel */ = {isa = PBXFileReference; lastKnownFileType = wrapper.xcdatamodel; path = GRABULL.xcdatamodel; sourceTree = "<group>"; };
		18B9C4C520579555004CEDA5 /* Assets.xcassets */ = {isa = PBXFileReference; lastKnownFileType = folder.assetcatalog; path = Assets.xcassets; sourceTree = "<group>"; };
		18B9C4C820579555004CEDA5 /* Base */ = {isa = PBXFileReference; lastKnownFileType = file.storyboard; name = Base; path = Base.lproj/LaunchScreen.storyboard; sourceTree = "<group>"; };
		18B9C4CA20579555004CEDA5 /* Info.plist */ = {isa = PBXFileReference; lastKnownFileType = text.plist.xml; path = Info.plist; sourceTree = "<group>"; };
		18B9C4CF20579556004CEDA5 /* GRABULLTests.xctest */ = {isa = PBXFileReference; explicitFileType = wrapper.cfbundle; includeInIndex = 0; path = GRABULLTests.xctest; sourceTree = BUILT_PRODUCTS_DIR; };
		18B9C4D320579556004CEDA5 /* GRABULLTests.swift */ = {isa = PBXFileReference; lastKnownFileType = sourcecode.swift; path = GRABULLTests.swift; sourceTree = "<group>"; };
		18B9C4D520579556004CEDA5 /* Info.plist */ = {isa = PBXFileReference; lastKnownFileType = text.plist.xml; path = Info.plist; sourceTree = "<group>"; };
		18B9C4DA20579556004CEDA5 /* GRABULLUITests.xctest */ = {isa = PBXFileReference; explicitFileType = wrapper.cfbundle; includeInIndex = 0; path = GRABULLUITests.xctest; sourceTree = BUILT_PRODUCTS_DIR; };
		18B9C4DE20579556004CEDA5 /* GRABULLUITests.swift */ = {isa = PBXFileReference; lastKnownFileType = sourcecode.swift; path = GRABULLUITests.swift; sourceTree = "<group>"; };
		18B9C4E020579556004CEDA5 /* Info.plist */ = {isa = PBXFileReference; lastKnownFileType = text.plist.xml; path = Info.plist; sourceTree = "<group>"; };
		18C79A772063949500DDDBDE /* EditAddress.swift */ = {isa = PBXFileReference; lastKnownFileType = sourcecode.swift; path = EditAddress.swift; sourceTree = "<group>"; };
		18C79A79206394CF00DDDBDE /* EditAddress.storyboard */ = {isa = PBXFileReference; lastKnownFileType = file.storyboard; path = EditAddress.storyboard; sourceTree = "<group>"; };
		18C79A7B2063959B00DDDBDE /* AddressList.storyboard */ = {isa = PBXFileReference; lastKnownFileType = file.storyboard; path = AddressList.storyboard; sourceTree = "<group>"; };
		18C79A7D206395DC00DDDBDE /* AddressList.swift */ = {isa = PBXFileReference; lastKnownFileType = sourcecode.swift; path = AddressList.swift; sourceTree = "<group>"; };
		18CC38CC20590DA70026A3B2 /* Constant.swift */ = {isa = PBXFileReference; lastKnownFileType = sourcecode.swift; path = Constant.swift; sourceTree = "<group>"; };
		18CC38CE2059363F0026A3B2 /* View.swift */ = {isa = PBXFileReference; lastKnownFileType = sourcecode.swift; path = View.swift; sourceTree = "<group>"; };
		18CC38D0205940E50026A3B2 /* DefaultDataManager.swift */ = {isa = PBXFileReference; lastKnownFileType = sourcecode.swift; path = DefaultDataManager.swift; sourceTree = "<group>"; };
		18CC38D3205947A60026A3B2 /* UIColor+KCSColor.swift */ = {isa = PBXFileReference; fileEncoding = 4; lastKnownFileType = sourcecode.swift; path = "UIColor+KCSColor.swift"; sourceTree = "<group>"; };
		18CC38D4205947A70026A3B2 /* UIView+CardView.swift */ = {isa = PBXFileReference; fileEncoding = 4; lastKnownFileType = sourcecode.swift; path = "UIView+CardView.swift"; sourceTree = "<group>"; };
		18CC38D5205947A70026A3B2 /* TextField.swift */ = {isa = PBXFileReference; fileEncoding = 4; lastKnownFileType = sourcecode.swift; path = TextField.swift; sourceTree = "<group>"; };
		18FEF6D4205A49C40026D61E /* Validations.swift */ = {isa = PBXFileReference; fileEncoding = 4; lastKnownFileType = sourcecode.swift; path = Validations.swift; sourceTree = "<group>"; };
		18FEF6D6205A4A790026D61E /* ConnectionHelper.swift */ = {isa = PBXFileReference; lastKnownFileType = sourcecode.swift; path = ConnectionHelper.swift; sourceTree = "<group>"; };
		18FEF6D8205A6E3E0026D61E /* HistoryCollCell.swift */ = {isa = PBXFileReference; lastKnownFileType = sourcecode.swift; path = HistoryCollCell.swift; sourceTree = "<group>"; };
		18FEF6DB205A71010026D61E /* AboutUsVC.swift */ = {isa = PBXFileReference; lastKnownFileType = sourcecode.swift; path = AboutUsVC.swift; sourceTree = "<group>"; };
		18FEF6DD205A71440026D61E /* AboutUs.storyboard */ = {isa = PBXFileReference; lastKnownFileType = file.storyboard; path = AboutUs.storyboard; sourceTree = "<group>"; };
		375652D5E69C371FF7CD2A9D /* Pods_GRABULL.framework */ = {isa = PBXFileReference; explicitFileType = wrapper.framework; includeInIndex = 0; path = Pods_GRABULL.framework; sourceTree = BUILT_PRODUCTS_DIR; };
		39FB9EF6B735D148A0C12DA6 /* Pods-GRABULLUITests.debug.xcconfig */ = {isa = PBXFileReference; includeInIndex = 1; lastKnownFileType = text.xcconfig; name = "Pods-GRABULLUITests.debug.xcconfig"; path = "Pods/Target Support Files/Pods-GRABULLUITests/Pods-GRABULLUITests.debug.xcconfig"; sourceTree = "<group>"; };
		3CD485C775549B4287A92D29 /* Pods-GRABULL.release.xcconfig */ = {isa = PBXFileReference; includeInIndex = 1; lastKnownFileType = text.xcconfig; name = "Pods-GRABULL.release.xcconfig"; path = "Pods/Target Support Files/Pods-GRABULL/Pods-GRABULL.release.xcconfig"; sourceTree = "<group>"; };
		6CE65A010B8CDE359E709405 /* Pods_GRABULLUITests.framework */ = {isa = PBXFileReference; explicitFileType = wrapper.framework; includeInIndex = 0; path = Pods_GRABULLUITests.framework; sourceTree = BUILT_PRODUCTS_DIR; };
		7C34CC25F21FCB88F7CC7F31 /* Pods-GRABULLTests.release.xcconfig */ = {isa = PBXFileReference; includeInIndex = 1; lastKnownFileType = text.xcconfig; name = "Pods-GRABULLTests.release.xcconfig"; path = "Pods/Target Support Files/Pods-GRABULLTests/Pods-GRABULLTests.release.xcconfig"; sourceTree = "<group>"; };
		84D7D4F109123A469372AD60 /* Pods-GRABULLUITests.release.xcconfig */ = {isa = PBXFileReference; includeInIndex = 1; lastKnownFileType = text.xcconfig; name = "Pods-GRABULLUITests.release.xcconfig"; path = "Pods/Target Support Files/Pods-GRABULLUITests/Pods-GRABULLUITests.release.xcconfig"; sourceTree = "<group>"; };
		9AAF62CA7B92BE08DD20FC40 /* Pods_GRABULLTests.framework */ = {isa = PBXFileReference; explicitFileType = wrapper.framework; includeInIndex = 0; path = Pods_GRABULLTests.framework; sourceTree = BUILT_PRODUCTS_DIR; };
		DEB516B497E64857F12E2973 /* Pods-GRABULLTests.debug.xcconfig */ = {isa = PBXFileReference; includeInIndex = 1; lastKnownFileType = text.xcconfig; name = "Pods-GRABULLTests.debug.xcconfig"; path = "Pods/Target Support Files/Pods-GRABULLTests/Pods-GRABULLTests.debug.xcconfig"; sourceTree = "<group>"; };
/* End PBXFileReference section */

/* Begin PBXFrameworksBuildPhase section */
		18B9C4B520579555004CEDA5 /* Frameworks */ = {
			isa = PBXFrameworksBuildPhase;
			buildActionMask = 2147483647;
			files = (
				19F95BBF439CB0A44DF7B47F /* Pods_GRABULL.framework in Frameworks */,
			);
			runOnlyForDeploymentPostprocessing = 0;
		};
		18B9C4CC20579556004CEDA5 /* Frameworks */ = {
			isa = PBXFrameworksBuildPhase;
			buildActionMask = 2147483647;
			files = (
				6400FD07BB0C55EFA6427344 /* Pods_GRABULLTests.framework in Frameworks */,
			);
			runOnlyForDeploymentPostprocessing = 0;
		};
		18B9C4D720579556004CEDA5 /* Frameworks */ = {
			isa = PBXFrameworksBuildPhase;
			buildActionMask = 2147483647;
			files = (
				8AB7CA16B010A5CA57AD3C77 /* Pods_GRABULLUITests.framework in Frameworks */,
			);
			runOnlyForDeploymentPostprocessing = 0;
		};
/* End PBXFrameworksBuildPhase section */

/* Begin PBXGroup section */
		0F16251D2072927100E26778 /* Details */ = {
			isa = PBXGroup;
			children = (
				0F16251E2072929900E26778 /* DetailsListVC.swift */,
				0F162520207292A700E26778 /* DetailList.storyboard */,
				0F162522207293A900E26778 /* DetailCollCell.swift */,
			);
			path = Details;
			sourceTree = "<group>";
		};
		0F177CAF20583848006FA4AF /* Location */ = {
			isa = PBXGroup;
			children = (
				0F177CC120584E29006FA4AF /* LocationManager.swift */,
			);
			path = Location;
			sourceTree = "<group>";
		};
		0F177CB02058398E006FA4AF /* CheckOut */ = {
			isa = PBXGroup;
			children = (
				0F177CB1205839A8006FA4AF /* CheckOutVC.swift */,
				0F177CB8205839FD006FA4AF /* CheckOut.storyboard */,
			);
			path = CheckOut;
			sourceTree = "<group>";
		};
		0F177CB3205839AE006FA4AF /* Payment */ = {
			isa = PBXGroup;
			children = (
				0F177CB4205839DA006FA4AF /* PaymentVC.swift */,
				0F177CB6205839EA006FA4AF /* Payment.storyboard */,
			);
			path = Payment;
			sourceTree = "<group>";
		};
		0F177CBA20583A4A006FA4AF /* PaymentMethod */ = {
			isa = PBXGroup;
			children = (
				0F177CBB20583A5F006FA4AF /* PaymentType.storyboard */,
				0F177CBD20583A78006FA4AF /* PaymentTypeVC.swift */,
			);
			path = PaymentMethod;
			sourceTree = "<group>";
		};
		0F265379205EC54200D7E7DA /* CheckOut */ = {
			isa = PBXGroup;
			children = (
				0F26537A205EC92900D7E7DA /* CheckoutItemCell.swift */,
				0F26537C205EC95400D7E7DA /* ChekoutTotalCell.swift */,
				0F26537E205EC97500D7E7DA /* DeliveryCell.swift */,
			);
			path = CheckOut;
			sourceTree = "<group>";
		};
		189D6DF420579B7000AA7ECA /* Login */ = {
			isa = PBXGroup;
			children = (
				189D6DF620579BD000AA7ECA /* Login.storyboard */,
				189D6DFA20579C3100AA7ECA /* LoginVC.swift */,
			);
			path = Login;
			sourceTree = "<group>";
		};
		189D6DF520579BA800AA7ECA /* SignUp */ = {
			isa = PBXGroup;
			children = (
				189D6DF820579BEA00AA7ECA /* Registration.storyboard */,
				189D6DFC20579C6200AA7ECA /* RegistrationVC.swift */,
			);
			path = SignUp;
			sourceTree = "<group>";
		};
		189D6E002057B86200AA7ECA /* TabbarController */ = {
			isa = PBXGroup;
			children = (
				18C79A762063941A00DDDBDE /* Edit Address */,
				189D6E272057DA1600AA7ECA /* ResturentMenu */,
				189D6E322057FC2F00AA7ECA /* AddItem */,
				189D6E2C2057E7E000AA7ECA /* Cell */,
				189D6E162057BC5A00AA7ECA /* Tab */,
				189D6E082057BAF800AA7ECA /* MyProfile */,
				189D6E072057BA6900AA7ECA /* History */,
				189D6E062057B9F600AA7ECA /* Search */,
				0F16251D2072927100E26778 /* Details */,
				189D6E012057B88200AA7ECA /* Home */,
			);
			path = TabbarController;
			sourceTree = "<group>";
		};
		189D6E012057B88200AA7ECA /* Home */ = {
			isa = PBXGroup;
			children = (
				0F177CBA20583A4A006FA4AF /* PaymentMethod */,
				0F177CB3205839AE006FA4AF /* Payment */,
				0F177CB02058398E006FA4AF /* CheckOut */,
				189D6E202057D80E00AA7ECA /* Cart */,
				189D6E1B2057D6E800AA7ECA /* Filters */,
				189D6E022057B9D000AA7ECA /* HomeVC.swift */,
				189D6E042057B9E800AA7ECA /* Home.storyboard */,
			);
			path = Home;
			sourceTree = "<group>";
		};
		189D6E062057B9F600AA7ECA /* Search */ = {
			isa = PBXGroup;
			children = (
				189D6E122057BBAD00AA7ECA /* SearchVC.swift */,
				189D6E142057BBC000AA7ECA /* Search.storyboard */,
			);
			path = Search;
			sourceTree = "<group>";
		};
		189D6E072057BA6900AA7ECA /* History */ = {
			isa = PBXGroup;
			children = (
				189D6E0E2057BB7200AA7ECA /* History.storyboard */,
				189D6E102057BB9400AA7ECA /* HistoryVC.swift */,
			);
			path = History;
			sourceTree = "<group>";
		};
		189D6E082057BAF800AA7ECA /* MyProfile */ = {
			isa = PBXGroup;
			children = (
				189D6E092057BB2A00AA7ECA /* MyProfileVC.swift */,
				189D6E0C2057BB4800AA7ECA /* MyProfile.storyboard */,
				0FC5E43A2073E67B00A0CF29 /* ProfileFotter.swift */,
				0FC5E43B2073E67B00A0CF29 /* ProfileFotter.xib */,
			);
			path = MyProfile;
			sourceTree = "<group>";
		};
		189D6E162057BC5A00AA7ECA /* Tab */ = {
			isa = PBXGroup;
			children = (
				189D6E172057BCB600AA7ECA /* TabBarControl.swift */,
				189D6E192057BD1200AA7ECA /* TabBar.storyboard */,
			);
			path = Tab;
			sourceTree = "<group>";
		};
		189D6E1B2057D6E800AA7ECA /* Filters */ = {
			isa = PBXGroup;
			children = (
				189D6E1C2057D71200AA7ECA /* Filters.storyboard */,
				189D6E1E2057D73500AA7ECA /* FiltersVC.swift */,
			);
			path = Filters;
			sourceTree = "<group>";
		};
		189D6E202057D80E00AA7ECA /* Cart */ = {
			isa = PBXGroup;
			children = (
				189D6E212057D82300AA7ECA /* CartVC.swift */,
				189D6E232057D84700AA7ECA /* Cart.storyboard */,
			);
			path = Cart;
			sourceTree = "<group>";
		};
		189D6E272057DA1600AA7ECA /* ResturentMenu */ = {
			isa = PBXGroup;
			children = (
				189D6E282057DA5B00AA7ECA /* MenuItems.storyboard */,
				189D6E2A2057DA9000AA7ECA /* MenuItemsVC.swift */,
			);
			path = ResturentMenu;
			sourceTree = "<group>";
		};
		189D6E2C2057E7E000AA7ECA /* Cell */ = {
			isa = PBXGroup;
			children = (
				0F265379205EC54200D7E7DA /* CheckOut */,
				189D6E2D2057E84400AA7ECA /* ResturentCell.swift */,
				189D6E2F2057E89800AA7ECA /* ResturentCollCell.swift */,
				0F177CBF20583FAC006FA4AF /* CartCell.swift */,
				18FEF6D8205A6E3E0026D61E /* HistoryCollCell.swift */,
				0F16251B20728DD200E26778 /* SearchCell.swift */,
			);
			path = Cell;
			sourceTree = "<group>";
		};
		189D6E322057FC2F00AA7ECA /* AddItem */ = {
			isa = PBXGroup;
			children = (
				189D6E332057FC6800AA7ECA /* AddItemVC.swift */,
				189D6E352057FC9200AA7ECA /* AddItem.storyboard */,
			);
			path = AddItem;
			sourceTree = "<group>";
		};
		18B9C4AF20579555004CEDA5 = {
			isa = PBXGroup;
			children = (
				18B9C4BA20579555004CEDA5 /* GRABULL */,
				18B9C4D220579556004CEDA5 /* GRABULLTests */,
				18B9C4DD20579556004CEDA5 /* GRABULLUITests */,
				18B9C4B920579555004CEDA5 /* Products */,
				6659E93C5FCEC2505D7ACEA8 /* Pods */,
				198151E208B3222F20A113AA /* Frameworks */,
			);
			sourceTree = "<group>";
		};
		18B9C4B920579555004CEDA5 /* Products */ = {
			isa = PBXGroup;
			children = (
				18B9C4B820579555004CEDA5 /* GRABULL.app */,
				18B9C4CF20579556004CEDA5 /* GRABULLTests.xctest */,
				18B9C4DA20579556004CEDA5 /* GRABULLUITests.xctest */,
			);
			name = Products;
			sourceTree = "<group>";
		};
		18B9C4BA20579555004CEDA5 /* GRABULL */ = {
			isa = PBXGroup;
			children = (
				18FEF6DA205A70A30026D61E /* Settings */,
				18CC38CA20590D070026A3B2 /* Extra */,
				18CC38C920590CF00026A3B2 /* Extensions */,
				18CC38C820590CCE0026A3B2 /* Helper */,
				0F177CAF20583848006FA4AF /* Location */,
				189D6E002057B86200AA7ECA /* TabbarController */,
				189D6DF520579BA800AA7ECA /* SignUp */,
				189D6DF420579B7000AA7ECA /* Login */,
				18B9C4BB20579555004CEDA5 /* AppDelegate.swift */,
				18B9C4BD20579555004CEDA5 /* ViewController.swift */,
				18B9C4BF20579555004CEDA5 /* Main.storyboard */,
				18B9C4C520579555004CEDA5 /* Assets.xcassets */,
				18B9C4C720579555004CEDA5 /* LaunchScreen.storyboard */,
				18B9C4CA20579555004CEDA5 /* Info.plist */,
				18B9C4C220579555004CEDA5 /* GRABULL.xcdatamodeld */,
			);
			path = GRABULL;
			sourceTree = "<group>";
		};
		18B9C4D220579556004CEDA5 /* GRABULLTests */ = {
			isa = PBXGroup;
			children = (
				18B9C4D320579556004CEDA5 /* GRABULLTests.swift */,
				18B9C4D520579556004CEDA5 /* Info.plist */,
			);
			path = GRABULLTests;
			sourceTree = "<group>";
		};
		18B9C4DD20579556004CEDA5 /* GRABULLUITests */ = {
			isa = PBXGroup;
			children = (
				18B9C4DE20579556004CEDA5 /* GRABULLUITests.swift */,
				18B9C4E020579556004CEDA5 /* Info.plist */,
			);
			path = GRABULLUITests;
			sourceTree = "<group>";
		};
		18C79A762063941A00DDDBDE /* Edit Address */ = {
			isa = PBXGroup;
			children = (
				18C79A772063949500DDDBDE /* EditAddress.swift */,
				18C79A79206394CF00DDDBDE /* EditAddress.storyboard */,
				18C79A7B2063959B00DDDBDE /* AddressList.storyboard */,
				18C79A7D206395DC00DDDBDE /* AddressList.swift */,
			);
			path = "Edit Address";
			sourceTree = "<group>";
		};
		18CC38C820590CCE0026A3B2 /* Helper */ = {
			isa = PBXGroup;
			children = (
				18FEF6D6205A4A790026D61E /* ConnectionHelper.swift */,
				18CC38D0205940E50026A3B2 /* DefaultDataManager.swift */,
				0F265377205E9BB700D7E7DA /* CommonHelper.swift */,
			);
			path = Helper;
			sourceTree = "<group>";
		};
		18CC38C920590CF00026A3B2 /* Extensions */ = {
			isa = PBXGroup;
			children = (
				18CC38D5205947A70026A3B2 /* TextField.swift */,
				18CC38D3205947A60026A3B2 /* UIColor+KCSColor.swift */,
				18CC38D4205947A70026A3B2 /* UIView+CardView.swift */,
			);
			path = Extensions;
			sourceTree = "<group>";
		};
		18CC38CA20590D070026A3B2 /* Extra */ = {
			isa = PBXGroup;
			children = (
				18FEF6D4205A49C40026D61E /* Validations.swift */,
				18CC38CC20590DA70026A3B2 /* Constant.swift */,
				18CC38CE2059363F0026A3B2 /* View.swift */,
				18A4D6AF205F7F6D0002FAA9 /* TriangleView.swift */,
			);
			path = Extra;
			sourceTree = "<group>";
		};
		18FEF6DA205A70A30026D61E /* Settings */ = {
			isa = PBXGroup;
			children = (
				18FEF6DB205A71010026D61E /* AboutUsVC.swift */,
				18FEF6DD205A71440026D61E /* AboutUs.storyboard */,
				189FACD120733CE10061C5AC /* ChangePasswordVC.swift */,
				189FACD320733CF40061C5AC /* ChangePassword.storyboard */,
				189FACD520733D6C0061C5AC /* EditInfo.storyboard */,
				189FACD720733D7F0061C5AC /* EditInfoVC.swift */,
			);
			path = Settings;
			sourceTree = "<group>";
		};
		198151E208B3222F20A113AA /* Frameworks */ = {
			isa = PBXGroup;
			children = (
				375652D5E69C371FF7CD2A9D /* Pods_GRABULL.framework */,
				9AAF62CA7B92BE08DD20FC40 /* Pods_GRABULLTests.framework */,
				6CE65A010B8CDE359E709405 /* Pods_GRABULLUITests.framework */,
			);
			name = Frameworks;
			sourceTree = "<group>";
		};
		6659E93C5FCEC2505D7ACEA8 /* Pods */ = {
			isa = PBXGroup;
			children = (
				07794C966096D7CEA7514FF0 /* Pods-GRABULL.debug.xcconfig */,
				3CD485C775549B4287A92D29 /* Pods-GRABULL.release.xcconfig */,
				DEB516B497E64857F12E2973 /* Pods-GRABULLTests.debug.xcconfig */,
				7C34CC25F21FCB88F7CC7F31 /* Pods-GRABULLTests.release.xcconfig */,
				39FB9EF6B735D148A0C12DA6 /* Pods-GRABULLUITests.debug.xcconfig */,
				84D7D4F109123A469372AD60 /* Pods-GRABULLUITests.release.xcconfig */,
			);
			name = Pods;
			sourceTree = "<group>";
		};
/* End PBXGroup section */

/* Begin PBXNativeTarget section */
		18B9C4B720579555004CEDA5 /* GRABULL */ = {
			isa = PBXNativeTarget;
			buildConfigurationList = 18B9C4E320579556004CEDA5 /* Build configuration list for PBXNativeTarget "GRABULL" */;
			buildPhases = (
				7EA12A04FD91FC7FE08F26B3 /* [CP] Check Pods Manifest.lock */,
				18B9C4B420579555004CEDA5 /* Sources */,
				18B9C4B520579555004CEDA5 /* Frameworks */,
				18B9C4B620579555004CEDA5 /* Resources */,
				43EDA0BFF3FD2C6228213FB2 /* [CP] Embed Pods Frameworks */,
				84189B2778BF785C0978D084 /* [CP] Copy Pods Resources */,
			);
			buildRules = (
			);
			dependencies = (
			);
			name = GRABULL;
			productName = GRABULL;
			productReference = 18B9C4B820579555004CEDA5 /* GRABULL.app */;
			productType = "com.apple.product-type.application";
		};
		18B9C4CE20579556004CEDA5 /* GRABULLTests */ = {
			isa = PBXNativeTarget;
			buildConfigurationList = 18B9C4E620579556004CEDA5 /* Build configuration list for PBXNativeTarget "GRABULLTests" */;
			buildPhases = (
				19CD24EEAF8EE6F80E803A47 /* [CP] Check Pods Manifest.lock */,
				18B9C4CB20579556004CEDA5 /* Sources */,
				18B9C4CC20579556004CEDA5 /* Frameworks */,
				18B9C4CD20579556004CEDA5 /* Resources */,
				921BA4F7CF8B79E202E04DBA /* [CP] Embed Pods Frameworks */,
				CB60244C2634CB292BE2BF0E /* [CP] Copy Pods Resources */,
			);
			buildRules = (
			);
			dependencies = (
				18B9C4D120579556004CEDA5 /* PBXTargetDependency */,
			);
			name = GRABULLTests;
			productName = GRABULLTests;
			productReference = 18B9C4CF20579556004CEDA5 /* GRABULLTests.xctest */;
			productType = "com.apple.product-type.bundle.unit-test";
		};
		18B9C4D920579556004CEDA5 /* GRABULLUITests */ = {
			isa = PBXNativeTarget;
			buildConfigurationList = 18B9C4E920579556004CEDA5 /* Build configuration list for PBXNativeTarget "GRABULLUITests" */;
			buildPhases = (
				57EC07C50DD3CDF1F4AFA37E /* [CP] Check Pods Manifest.lock */,
				18B9C4D620579556004CEDA5 /* Sources */,
				18B9C4D720579556004CEDA5 /* Frameworks */,
				18B9C4D820579556004CEDA5 /* Resources */,
				9FFBEF39A3D33E046BD45728 /* [CP] Embed Pods Frameworks */,
				05BCFC4BA9FC2CAC6DD298F3 /* [CP] Copy Pods Resources */,
			);
			buildRules = (
			);
			dependencies = (
				18B9C4DC20579556004CEDA5 /* PBXTargetDependency */,
			);
			name = GRABULLUITests;
			productName = GRABULLUITests;
			productReference = 18B9C4DA20579556004CEDA5 /* GRABULLUITests.xctest */;
			productType = "com.apple.product-type.bundle.ui-testing";
		};
/* End PBXNativeTarget section */

/* Begin PBXProject section */
		18B9C4B020579555004CEDA5 /* Project object */ = {
			isa = PBXProject;
			attributes = {
				LastSwiftUpdateCheck = 0920;
				LastUpgradeCheck = 0920;
				ORGANIZATIONNAME = "m&PTeck";
				TargetAttributes = {
					18B9C4B720579555004CEDA5 = {
						CreatedOnToolsVersion = 9.2;
						ProvisioningStyle = Automatic;
					};
					18B9C4CE20579556004CEDA5 = {
						CreatedOnToolsVersion = 9.2;
						ProvisioningStyle = Automatic;
						TestTargetID = 18B9C4B720579555004CEDA5;
					};
					18B9C4D920579556004CEDA5 = {
						CreatedOnToolsVersion = 9.2;
						ProvisioningStyle = Automatic;
						TestTargetID = 18B9C4B720579555004CEDA5;
					};
				};
			};
			buildConfigurationList = 18B9C4B320579555004CEDA5 /* Build configuration list for PBXProject "GRABULL" */;
			compatibilityVersion = "Xcode 8.0";
			developmentRegion = en;
			hasScannedForEncodings = 0;
			knownRegions = (
				en,
				Base,
			);
			mainGroup = 18B9C4AF20579555004CEDA5;
			productRefGroup = 18B9C4B920579555004CEDA5 /* Products */;
			projectDirPath = "";
			projectRoot = "";
			targets = (
				18B9C4B720579555004CEDA5 /* GRABULL */,
				18B9C4CE20579556004CEDA5 /* GRABULLTests */,
				18B9C4D920579556004CEDA5 /* GRABULLUITests */,
			);
		};
/* End PBXProject section */

/* Begin PBXResourcesBuildPhase section */
		18B9C4B620579555004CEDA5 /* Resources */ = {
			isa = PBXResourcesBuildPhase;
			buildActionMask = 2147483647;
			files = (
				0F177CB9205839FD006FA4AF /* CheckOut.storyboard in Resources */,
				189D6E1A2057BD1200AA7ECA /* TabBar.storyboard in Resources */,
				189D6DF920579BEA00AA7ECA /* Registration.storyboard in Resources */,
				189FACD420733CF40061C5AC /* ChangePassword.storyboard in Resources */,
				0F177CBC20583A5F006FA4AF /* PaymentType.storyboard in Resources */,
				189D6DF720579BD000AA7ECA /* Login.storyboard in Resources */,
				189D6E362057FC9200AA7ECA /* AddItem.storyboard in Resources */,
				0FC5E43D2073E67B00A0CF29 /* ProfileFotter.xib in Resources */,
				18B9C4C920579555004CEDA5 /* LaunchScreen.storyboard in Resources */,
				189D6E242057D84700AA7ECA /* Cart.storyboard in Resources */,
				0F177CB7205839EA006FA4AF /* Payment.storyboard in Resources */,
				18C79A7A206394CF00DDDBDE /* EditAddress.storyboard in Resources */,
				189D6E0F2057BB7200AA7ECA /* History.storyboard in Resources */,
				189D6E152057BBC000AA7ECA /* Search.storyboard in Resources */,
				189FACD620733D6C0061C5AC /* EditInfo.storyboard in Resources */,
				189D6E292057DA5B00AA7ECA /* MenuItems.storyboard in Resources */,
				18FEF6DE205A71440026D61E /* AboutUs.storyboard in Resources */,
				189D6E1D2057D71200AA7ECA /* Filters.storyboard in Resources */,
				189D6E052057B9E800AA7ECA /* Home.storyboard in Resources */,
				189D6E0D2057BB4800AA7ECA /* MyProfile.storyboard in Resources */,
				18B9C4C620579555004CEDA5 /* Assets.xcassets in Resources */,
				0F162521207292A700E26778 /* DetailList.storyboard in Resources */,
				18C79A7C2063959B00DDDBDE /* AddressList.storyboard in Resources */,
				18B9C4C120579555004CEDA5 /* Main.storyboard in Resources */,
			);
			runOnlyForDeploymentPostprocessing = 0;
		};
		18B9C4CD20579556004CEDA5 /* Resources */ = {
			isa = PBXResourcesBuildPhase;
			buildActionMask = 2147483647;
			files = (
			);
			runOnlyForDeploymentPostprocessing = 0;
		};
		18B9C4D820579556004CEDA5 /* Resources */ = {
			isa = PBXResourcesBuildPhase;
			buildActionMask = 2147483647;
			files = (
			);
			runOnlyForDeploymentPostprocessing = 0;
		};
/* End PBXResourcesBuildPhase section */

/* Begin PBXShellScriptBuildPhase section */
		05BCFC4BA9FC2CAC6DD298F3 /* [CP] Copy Pods Resources */ = {
			isa = PBXShellScriptBuildPhase;
			buildActionMask = 2147483647;
			files = (
			);
			inputPaths = (
			);
			name = "[CP] Copy Pods Resources";
			outputPaths = (
			);
			runOnlyForDeploymentPostprocessing = 0;
			shellPath = /bin/sh;
			shellScript = "\"${SRCROOT}/Pods/Target Support Files/Pods-GRABULLUITests/Pods-GRABULLUITests-resources.sh\"\n";
			showEnvVarsInLog = 0;
		};
		19CD24EEAF8EE6F80E803A47 /* [CP] Check Pods Manifest.lock */ = {
			isa = PBXShellScriptBuildPhase;
			buildActionMask = 2147483647;
			files = (
			);
			inputPaths = (
				"${PODS_PODFILE_DIR_PATH}/Podfile.lock",
				"${PODS_ROOT}/Manifest.lock",
			);
			name = "[CP] Check Pods Manifest.lock";
			outputPaths = (
				"$(DERIVED_FILE_DIR)/Pods-GRABULLTests-checkManifestLockResult.txt",
			);
			runOnlyForDeploymentPostprocessing = 0;
			shellPath = /bin/sh;
			shellScript = "diff \"${PODS_PODFILE_DIR_PATH}/Podfile.lock\" \"${PODS_ROOT}/Manifest.lock\" > /dev/null\nif [ $? != 0 ] ; then\n    # print error to STDERR\n    echo \"error: The sandbox is not in sync with the Podfile.lock. Run 'pod install' or update your CocoaPods installation.\" >&2\n    exit 1\nfi\n# This output is used by Xcode 'outputs' to avoid re-running this script phase.\necho \"SUCCESS\" > \"${SCRIPT_OUTPUT_FILE_0}\"\n";
			showEnvVarsInLog = 0;
		};
		43EDA0BFF3FD2C6228213FB2 /* [CP] Embed Pods Frameworks */ = {
			isa = PBXShellScriptBuildPhase;
			buildActionMask = 2147483647;
			files = (
			);
			inputPaths = (
				"${SRCROOT}/Pods/Target Support Files/Pods-GRABULL/Pods-GRABULL-frameworks.sh",
				"${BUILT_PRODUCTS_DIR}/Bolts/Bolts.framework",
				"${BUILT_PRODUCTS_DIR}/FBSDKCoreKit/FBSDKCoreKit.framework",
				"${BUILT_PRODUCTS_DIR}/FBSDKLoginKit/FBSDKLoginKit.framework",
				"${BUILT_PRODUCTS_DIR}/FacebookCore/FacebookCore.framework",
				"${BUILT_PRODUCTS_DIR}/FacebookLogin/FacebookLogin.framework",
				"${BUILT_PRODUCTS_DIR}/IQKeyboardManagerSwift/IQKeyboardManagerSwift.framework",
			);
			name = "[CP] Embed Pods Frameworks";
			outputPaths = (
				"${TARGET_BUILD_DIR}/${FRAMEWORKS_FOLDER_PATH}/Bolts.framework",
				"${TARGET_BUILD_DIR}/${FRAMEWORKS_FOLDER_PATH}/FBSDKCoreKit.framework",
				"${TARGET_BUILD_DIR}/${FRAMEWORKS_FOLDER_PATH}/FBSDKLoginKit.framework",
				"${TARGET_BUILD_DIR}/${FRAMEWORKS_FOLDER_PATH}/FacebookCore.framework",
				"${TARGET_BUILD_DIR}/${FRAMEWORKS_FOLDER_PATH}/FacebookLogin.framework",
				"${TARGET_BUILD_DIR}/${FRAMEWORKS_FOLDER_PATH}/IQKeyboardManagerSwift.framework",
			);
			runOnlyForDeploymentPostprocessing = 0;
			shellPath = /bin/sh;
			shellScript = "\"${SRCROOT}/Pods/Target Support Files/Pods-GRABULL/Pods-GRABULL-frameworks.sh\"\n";
			showEnvVarsInLog = 0;
		};
		57EC07C50DD3CDF1F4AFA37E /* [CP] Check Pods Manifest.lock */ = {
			isa = PBXShellScriptBuildPhase;
			buildActionMask = 2147483647;
			files = (
			);
			inputPaths = (
				"${PODS_PODFILE_DIR_PATH}/Podfile.lock",
				"${PODS_ROOT}/Manifest.lock",
			);
			name = "[CP] Check Pods Manifest.lock";
			outputPaths = (
				"$(DERIVED_FILE_DIR)/Pods-GRABULLUITests-checkManifestLockResult.txt",
			);
			runOnlyForDeploymentPostprocessing = 0;
			shellPath = /bin/sh;
			shellScript = "diff \"${PODS_PODFILE_DIR_PATH}/Podfile.lock\" \"${PODS_ROOT}/Manifest.lock\" > /dev/null\nif [ $? != 0 ] ; then\n    # print error to STDERR\n    echo \"error: The sandbox is not in sync with the Podfile.lock. Run 'pod install' or update your CocoaPods installation.\" >&2\n    exit 1\nfi\n# This output is used by Xcode 'outputs' to avoid re-running this script phase.\necho \"SUCCESS\" > \"${SCRIPT_OUTPUT_FILE_0}\"\n";
			showEnvVarsInLog = 0;
		};
		7EA12A04FD91FC7FE08F26B3 /* [CP] Check Pods Manifest.lock */ = {
			isa = PBXShellScriptBuildPhase;
			buildActionMask = 2147483647;
			files = (
			);
			inputPaths = (
				"${PODS_PODFILE_DIR_PATH}/Podfile.lock",
				"${PODS_ROOT}/Manifest.lock",
			);
			name = "[CP] Check Pods Manifest.lock";
			outputPaths = (
				"$(DERIVED_FILE_DIR)/Pods-GRABULL-checkManifestLockResult.txt",
			);
			runOnlyForDeploymentPostprocessing = 0;
			shellPath = /bin/sh;
			shellScript = "diff \"${PODS_PODFILE_DIR_PATH}/Podfile.lock\" \"${PODS_ROOT}/Manifest.lock\" > /dev/null\nif [ $? != 0 ] ; then\n    # print error to STDERR\n    echo \"error: The sandbox is not in sync with the Podfile.lock. Run 'pod install' or update your CocoaPods installation.\" >&2\n    exit 1\nfi\n# This output is used by Xcode 'outputs' to avoid re-running this script phase.\necho \"SUCCESS\" > \"${SCRIPT_OUTPUT_FILE_0}\"\n";
			showEnvVarsInLog = 0;
		};
		84189B2778BF785C0978D084 /* [CP] Copy Pods Resources */ = {
			isa = PBXShellScriptBuildPhase;
			buildActionMask = 2147483647;
			files = (
			);
			inputPaths = (
				"${SRCROOT}/Pods/Target Support Files/Pods-GRABULL/Pods-GRABULL-resources.sh",
				"${PODS_ROOT}/TwitterKit/iOS/TwitterKit.framework/TwitterKitResources.bundle",
				"${PODS_ROOT}/TwitterKit/iOS/TwitterKit.framework/TwitterShareExtensionUIResources.bundle",
			);
			name = "[CP] Copy Pods Resources";
			outputPaths = (
				"${TARGET_BUILD_DIR}/${UNLOCALIZED_RESOURCES_FOLDER_PATH}",
			);
			runOnlyForDeploymentPostprocessing = 0;
			shellPath = /bin/sh;
			shellScript = "\"${SRCROOT}/Pods/Target Support Files/Pods-GRABULL/Pods-GRABULL-resources.sh\"\n";
			showEnvVarsInLog = 0;
		};
		921BA4F7CF8B79E202E04DBA /* [CP] Embed Pods Frameworks */ = {
			isa = PBXShellScriptBuildPhase;
			buildActionMask = 2147483647;
			files = (
			);
			inputPaths = (
			);
			name = "[CP] Embed Pods Frameworks";
			outputPaths = (
			);
			runOnlyForDeploymentPostprocessing = 0;
			shellPath = /bin/sh;
			shellScript = "\"${SRCROOT}/Pods/Target Support Files/Pods-GRABULLTests/Pods-GRABULLTests-frameworks.sh\"\n";
			showEnvVarsInLog = 0;
		};
		9FFBEF39A3D33E046BD45728 /* [CP] Embed Pods Frameworks */ = {
			isa = PBXShellScriptBuildPhase;
			buildActionMask = 2147483647;
			files = (
			);
			inputPaths = (
			);
			name = "[CP] Embed Pods Frameworks";
			outputPaths = (
			);
			runOnlyForDeploymentPostprocessing = 0;
			shellPath = /bin/sh;
			shellScript = "\"${SRCROOT}/Pods/Target Support Files/Pods-GRABULLUITests/Pods-GRABULLUITests-frameworks.sh\"\n";
			showEnvVarsInLog = 0;
		};
		CB60244C2634CB292BE2BF0E /* [CP] Copy Pods Resources */ = {
			isa = PBXShellScriptBuildPhase;
			buildActionMask = 2147483647;
			files = (
			);
			inputPaths = (
			);
			name = "[CP] Copy Pods Resources";
			outputPaths = (
			);
			runOnlyForDeploymentPostprocessing = 0;
			shellPath = /bin/sh;
			shellScript = "\"${SRCROOT}/Pods/Target Support Files/Pods-GRABULLTests/Pods-GRABULLTests-resources.sh\"\n";
			showEnvVarsInLog = 0;
		};
/* End PBXShellScriptBuildPhase section */

/* Begin PBXSourcesBuildPhase section */
		18B9C4B420579555004CEDA5 /* Sources */ = {
			isa = PBXSourcesBuildPhase;
			buildActionMask = 2147483647;
			files = (
				189D6E1F2057D73500AA7ECA /* FiltersVC.swift in Sources */,
				189D6E2B2057DA9000AA7ECA /* MenuItemsVC.swift in Sources */,
				0F177CB2205839A8006FA4AF /* CheckOutVC.swift in Sources */,
				18B9C4BE20579555004CEDA5 /* ViewController.swift in Sources */,
				189D6E222057D82300AA7ECA /* CartVC.swift in Sources */,
				189D6E302057E89800AA7ECA /* ResturentCollCell.swift in Sources */,
				18FEF6D5205A49C40026D61E /* Validations.swift in Sources */,
				18B9C4BC20579555004CEDA5 /* AppDelegate.swift in Sources */,
				18FEF6D9205A6E3E0026D61E /* HistoryCollCell.swift in Sources */,
				18C79A782063949500DDDBDE /* EditAddress.swift in Sources */,
				18CC38D6205947A70026A3B2 /* UIColor+KCSColor.swift in Sources */,
				0F177CBE20583A78006FA4AF /* PaymentTypeVC.swift in Sources */,
				189D6DFB20579C3100AA7ECA /* LoginVC.swift in Sources */,
				0F16251C20728DD200E26778 /* SearchCell.swift in Sources */,
				18CC38CF2059363F0026A3B2 /* View.swift in Sources */,
				18FEF6D7205A4A790026D61E /* ConnectionHelper.swift in Sources */,
				189D6E182057BCB600AA7ECA /* TabBarControl.swift in Sources */,
				189FACD820733D7F0061C5AC /* EditInfoVC.swift in Sources */,
				0F16251F2072929900E26778 /* DetailsListVC.swift in Sources */,
				189D6E132057BBAD00AA7ECA /* SearchVC.swift in Sources */,
				0F177CC020583FAC006FA4AF /* CartCell.swift in Sources */,
				18FEF6DC205A71010026D61E /* AboutUsVC.swift in Sources */,
				189D6E0A2057BB2A00AA7ECA /* MyProfileVC.swift in Sources */,
				18CC38D8205947A80026A3B2 /* TextField.swift in Sources */,
				0F26537B205EC92900D7E7DA /* CheckoutItemCell.swift in Sources */,
				189D6E032057B9D000AA7ECA /* HomeVC.swift in Sources */,
				0F26537F205EC97500D7E7DA /* DeliveryCell.swift in Sources */,
				189D6E342057FC6800AA7ECA /* AddItemVC.swift in Sources */,
				0F162523207293A900E26778 /* DetailCollCell.swift in Sources */,
				0F265378205E9BB700D7E7DA /* CommonHelper.swift in Sources */,
				0F177CB5205839DA006FA4AF /* PaymentVC.swift in Sources */,
				189D6E112057BB9400AA7ECA /* HistoryVC.swift in Sources */,
				18C79A7E206395DC00DDDBDE /* AddressList.swift in Sources */,
				0F177CC220584E29006FA4AF /* LocationManager.swift in Sources */,
				189D6DFD20579C6200AA7ECA /* RegistrationVC.swift in Sources */,
				0FC5E43C2073E67B00A0CF29 /* ProfileFotter.swift in Sources */,
				18CC38CD20590DA70026A3B2 /* Constant.swift in Sources */,
				189FACD220733CE10061C5AC /* ChangePasswordVC.swift in Sources */,
				18CC38D1205940E60026A3B2 /* DefaultDataManager.swift in Sources */,
				0F26537D205EC95400D7E7DA /* ChekoutTotalCell.swift in Sources */,
				189D6E2E2057E84400AA7ECA /* ResturentCell.swift in Sources */,
				18B9C4C420579555004CEDA5 /* GRABULL.xcdatamodeld in Sources */,
				18A4D6B0205F7F6D0002FAA9 /* TriangleView.swift in Sources */,
				18CC38D7205947A80026A3B2 /* UIView+CardView.swift in Sources */,
			);
			runOnlyForDeploymentPostprocessing = 0;
		};
		18B9C4CB20579556004CEDA5 /* Sources */ = {
			isa = PBXSourcesBuildPhase;
			buildActionMask = 2147483647;
			files = (
				18B9C4D420579556004CEDA5 /* GRABULLTests.swift in Sources */,
			);
			runOnlyForDeploymentPostprocessing = 0;
		};
		18B9C4D620579556004CEDA5 /* Sources */ = {
			isa = PBXSourcesBuildPhase;
			buildActionMask = 2147483647;
			files = (
				18B9C4DF20579556004CEDA5 /* GRABULLUITests.swift in Sources */,
			);
			runOnlyForDeploymentPostprocessing = 0;
		};
/* End PBXSourcesBuildPhase section */

/* Begin PBXTargetDependency section */
		18B9C4D120579556004CEDA5 /* PBXTargetDependency */ = {
			isa = PBXTargetDependency;
			target = 18B9C4B720579555004CEDA5 /* GRABULL */;
			targetProxy = 18B9C4D020579556004CEDA5 /* PBXContainerItemProxy */;
		};
		18B9C4DC20579556004CEDA5 /* PBXTargetDependency */ = {
			isa = PBXTargetDependency;
			target = 18B9C4B720579555004CEDA5 /* GRABULL */;
			targetProxy = 18B9C4DB20579556004CEDA5 /* PBXContainerItemProxy */;
		};
/* End PBXTargetDependency section */

/* Begin PBXVariantGroup section */
		18B9C4BF20579555004CEDA5 /* Main.storyboard */ = {
			isa = PBXVariantGroup;
			children = (
				18B9C4C020579555004CEDA5 /* Base */,
			);
			name = Main.storyboard;
			sourceTree = "<group>";
		};
		18B9C4C720579555004CEDA5 /* LaunchScreen.storyboard */ = {
			isa = PBXVariantGroup;
			children = (
				18B9C4C820579555004CEDA5 /* Base */,
			);
			name = LaunchScreen.storyboard;
			sourceTree = "<group>";
		};
/* End PBXVariantGroup section */

/* Begin XCBuildConfiguration section */
		18B9C4E120579556004CEDA5 /* Debug */ = {
			isa = XCBuildConfiguration;
			buildSettings = {
				ALWAYS_SEARCH_USER_PATHS = NO;
				CLANG_ANALYZER_NONNULL = YES;
				CLANG_ANALYZER_NUMBER_OBJECT_CONVERSION = YES_AGGRESSIVE;
				CLANG_CXX_LANGUAGE_STANDARD = "gnu++14";
				CLANG_CXX_LIBRARY = "libc++";
				CLANG_ENABLE_MODULES = YES;
				CLANG_ENABLE_OBJC_ARC = YES;
				CLANG_WARN_BLOCK_CAPTURE_AUTORELEASING = YES;
				CLANG_WARN_BOOL_CONVERSION = YES;
				CLANG_WARN_COMMA = YES;
				CLANG_WARN_CONSTANT_CONVERSION = YES;
				CLANG_WARN_DIRECT_OBJC_ISA_USAGE = YES_ERROR;
				CLANG_WARN_DOCUMENTATION_COMMENTS = YES;
				CLANG_WARN_EMPTY_BODY = YES;
				CLANG_WARN_ENUM_CONVERSION = YES;
				CLANG_WARN_INFINITE_RECURSION = YES;
				CLANG_WARN_INT_CONVERSION = YES;
				CLANG_WARN_NON_LITERAL_NULL_CONVERSION = YES;
				CLANG_WARN_OBJC_LITERAL_CONVERSION = YES;
				CLANG_WARN_OBJC_ROOT_CLASS = YES_ERROR;
				CLANG_WARN_RANGE_LOOP_ANALYSIS = YES;
				CLANG_WARN_STRICT_PROTOTYPES = YES;
				CLANG_WARN_SUSPICIOUS_MOVE = YES;
				CLANG_WARN_UNGUARDED_AVAILABILITY = YES_AGGRESSIVE;
				CLANG_WARN_UNREACHABLE_CODE = YES;
				CLANG_WARN__DUPLICATE_METHOD_MATCH = YES;
				CODE_SIGN_IDENTITY = "iPhone Developer";
				COPY_PHASE_STRIP = NO;
				DEBUG_INFORMATION_FORMAT = dwarf;
				ENABLE_STRICT_OBJC_MSGSEND = YES;
				ENABLE_TESTABILITY = YES;
				GCC_C_LANGUAGE_STANDARD = gnu11;
				GCC_DYNAMIC_NO_PIC = NO;
				GCC_NO_COMMON_BLOCKS = YES;
				GCC_OPTIMIZATION_LEVEL = 0;
				GCC_PREPROCESSOR_DEFINITIONS = (
					"DEBUG=1",
					"$(inherited)",
				);
				GCC_WARN_64_TO_32_BIT_CONVERSION = YES;
				GCC_WARN_ABOUT_RETURN_TYPE = YES_ERROR;
				GCC_WARN_UNDECLARED_SELECTOR = YES;
				GCC_WARN_UNINITIALIZED_AUTOS = YES_AGGRESSIVE;
				GCC_WARN_UNUSED_FUNCTION = YES;
				GCC_WARN_UNUSED_VARIABLE = YES;
				IPHONEOS_DEPLOYMENT_TARGET = 10.0;
				MTL_ENABLE_DEBUG_INFO = YES;
				ONLY_ACTIVE_ARCH = YES;
				SDKROOT = iphoneos;
				SWIFT_ACTIVE_COMPILATION_CONDITIONS = DEBUG;
				SWIFT_OPTIMIZATION_LEVEL = "-Onone";
			};
			name = Debug;
		};
		18B9C4E220579556004CEDA5 /* Release */ = {
			isa = XCBuildConfiguration;
			buildSettings = {
				ALWAYS_SEARCH_USER_PATHS = NO;
				CLANG_ANALYZER_NONNULL = YES;
				CLANG_ANALYZER_NUMBER_OBJECT_CONVERSION = YES_AGGRESSIVE;
				CLANG_CXX_LANGUAGE_STANDARD = "gnu++14";
				CLANG_CXX_LIBRARY = "libc++";
				CLANG_ENABLE_MODULES = YES;
				CLANG_ENABLE_OBJC_ARC = YES;
				CLANG_WARN_BLOCK_CAPTURE_AUTORELEASING = YES;
				CLANG_WARN_BOOL_CONVERSION = YES;
				CLANG_WARN_COMMA = YES;
				CLANG_WARN_CONSTANT_CONVERSION = YES;
				CLANG_WARN_DIRECT_OBJC_ISA_USAGE = YES_ERROR;
				CLANG_WARN_DOCUMENTATION_COMMENTS = YES;
				CLANG_WARN_EMPTY_BODY = YES;
				CLANG_WARN_ENUM_CONVERSION = YES;
				CLANG_WARN_INFINITE_RECURSION = YES;
				CLANG_WARN_INT_CONVERSION = YES;
				CLANG_WARN_NON_LITERAL_NULL_CONVERSION = YES;
				CLANG_WARN_OBJC_LITERAL_CONVERSION = YES;
				CLANG_WARN_OBJC_ROOT_CLASS = YES_ERROR;
				CLANG_WARN_RANGE_LOOP_ANALYSIS = YES;
				CLANG_WARN_STRICT_PROTOTYPES = YES;
				CLANG_WARN_SUSPICIOUS_MOVE = YES;
				CLANG_WARN_UNGUARDED_AVAILABILITY = YES_AGGRESSIVE;
				CLANG_WARN_UNREACHABLE_CODE = YES;
				CLANG_WARN__DUPLICATE_METHOD_MATCH = YES;
				CODE_SIGN_IDENTITY = "iPhone Developer";
				COPY_PHASE_STRIP = NO;
				DEBUG_INFORMATION_FORMAT = "dwarf-with-dsym";
				ENABLE_NS_ASSERTIONS = NO;
				ENABLE_STRICT_OBJC_MSGSEND = YES;
				GCC_C_LANGUAGE_STANDARD = gnu11;
				GCC_NO_COMMON_BLOCKS = YES;
				GCC_WARN_64_TO_32_BIT_CONVERSION = YES;
				GCC_WARN_ABOUT_RETURN_TYPE = YES_ERROR;
				GCC_WARN_UNDECLARED_SELECTOR = YES;
				GCC_WARN_UNINITIALIZED_AUTOS = YES_AGGRESSIVE;
				GCC_WARN_UNUSED_FUNCTION = YES;
				GCC_WARN_UNUSED_VARIABLE = YES;
				IPHONEOS_DEPLOYMENT_TARGET = 10.0;
				MTL_ENABLE_DEBUG_INFO = NO;
				SDKROOT = iphoneos;
				SWIFT_OPTIMIZATION_LEVEL = "-Owholemodule";
				VALIDATE_PRODUCT = YES;
			};
			name = Release;
		};
		18B9C4E420579556004CEDA5 /* Debug */ = {
			isa = XCBuildConfiguration;
			baseConfigurationReference = 07794C966096D7CEA7514FF0 /* Pods-GRABULL.debug.xcconfig */;
			buildSettings = {
				ASSETCATALOG_COMPILER_APPICON_NAME = AppIcon;
				CODE_SIGN_STYLE = Automatic;
				DEVELOPMENT_TEAM = 6J7UZY2EAL;
				INFOPLIST_FILE = GRABULL/Info.plist;
				IPHONEOS_DEPLOYMENT_TARGET = 10.0;
				LD_RUNPATH_SEARCH_PATHS = "$(inherited) @executable_path/Frameworks";
				PRODUCT_BUNDLE_IDENTIFIER = com.grabull;
				PRODUCT_NAME = "$(TARGET_NAME)";
				SWIFT_VERSION = 4.0;
				TARGETED_DEVICE_FAMILY = 1;
			};
			name = Debug;
		};
		18B9C4E520579556004CEDA5 /* Release */ = {
			isa = XCBuildConfiguration;
			baseConfigurationReference = 3CD485C775549B4287A92D29 /* Pods-GRABULL.release.xcconfig */;
			buildSettings = {
				ASSETCATALOG_COMPILER_APPICON_NAME = AppIcon;
				CODE_SIGN_STYLE = Automatic;
				DEVELOPMENT_TEAM = 6J7UZY2EAL;
				INFOPLIST_FILE = GRABULL/Info.plist;
				IPHONEOS_DEPLOYMENT_TARGET = 10.0;
				LD_RUNPATH_SEARCH_PATHS = "$(inherited) @executable_path/Frameworks";
				PRODUCT_BUNDLE_IDENTIFIER = com.grabull;
				PRODUCT_NAME = "$(TARGET_NAME)";
				SWIFT_VERSION = 4.0;
				TARGETED_DEVICE_FAMILY = 1;
			};
			name = Release;
		};
		18B9C4E720579556004CEDA5 /* Debug */ = {
			isa = XCBuildConfiguration;
			baseConfigurationReference = DEB516B497E64857F12E2973 /* Pods-GRABULLTests.debug.xcconfig */;
			buildSettings = {
				ALWAYS_EMBED_SWIFT_STANDARD_LIBRARIES = YES;
				BUNDLE_LOADER = "$(TEST_HOST)";
				CODE_SIGN_STYLE = Automatic;
				INFOPLIST_FILE = GRABULLTests/Info.plist;
				LD_RUNPATH_SEARCH_PATHS = "$(inherited) @executable_path/Frameworks @loader_path/Frameworks";
				PRODUCT_BUNDLE_IDENTIFIER = "m-PTeck.GRABULLTests";
				PRODUCT_NAME = "$(TARGET_NAME)";
				SWIFT_VERSION = 4.0;
				TARGETED_DEVICE_FAMILY = "1,2";
				TEST_HOST = "$(BUILT_PRODUCTS_DIR)/GRABULL.app/GRABULL";
			};
			name = Debug;
		};
		18B9C4E820579556004CEDA5 /* Release */ = {
			isa = XCBuildConfiguration;
			baseConfigurationReference = 7C34CC25F21FCB88F7CC7F31 /* Pods-GRABULLTests.release.xcconfig */;
			buildSettings = {
				ALWAYS_EMBED_SWIFT_STANDARD_LIBRARIES = YES;
				BUNDLE_LOADER = "$(TEST_HOST)";
				CODE_SIGN_STYLE = Automatic;
				INFOPLIST_FILE = GRABULLTests/Info.plist;
				LD_RUNPATH_SEARCH_PATHS = "$(inherited) @executable_path/Frameworks @loader_path/Frameworks";
				PRODUCT_BUNDLE_IDENTIFIER = "m-PTeck.GRABULLTests";
				PRODUCT_NAME = "$(TARGET_NAME)";
				SWIFT_VERSION = 4.0;
				TARGETED_DEVICE_FAMILY = "1,2";
				TEST_HOST = "$(BUILT_PRODUCTS_DIR)/GRABULL.app/GRABULL";
			};
			name = Release;
		};
		18B9C4EA20579556004CEDA5 /* Debug */ = {
			isa = XCBuildConfiguration;
			baseConfigurationReference = 39FB9EF6B735D148A0C12DA6 /* Pods-GRABULLUITests.debug.xcconfig */;
			buildSettings = {
				ALWAYS_EMBED_SWIFT_STANDARD_LIBRARIES = YES;
				CODE_SIGN_STYLE = Automatic;
				INFOPLIST_FILE = GRABULLUITests/Info.plist;
				LD_RUNPATH_SEARCH_PATHS = "$(inherited) @executable_path/Frameworks @loader_path/Frameworks";
				PRODUCT_BUNDLE_IDENTIFIER = "m-PTeck.GRABULLUITests";
				PRODUCT_NAME = "$(TARGET_NAME)";
				SWIFT_VERSION = 4.0;
				TARGETED_DEVICE_FAMILY = "1,2";
				TEST_TARGET_NAME = GRABULL;
			};
			name = Debug;
		};
		18B9C4EB20579556004CEDA5 /* Release */ = {
			isa = XCBuildConfiguration;
			baseConfigurationReference = 84D7D4F109123A469372AD60 /* Pods-GRABULLUITests.release.xcconfig */;
			buildSettings = {
				ALWAYS_EMBED_SWIFT_STANDARD_LIBRARIES = YES;
				CODE_SIGN_STYLE = Automatic;
				INFOPLIST_FILE = GRABULLUITests/Info.plist;
				LD_RUNPATH_SEARCH_PATHS = "$(inherited) @executable_path/Frameworks @loader_path/Frameworks";
				PRODUCT_BUNDLE_IDENTIFIER = "m-PTeck.GRABULLUITests";
				PRODUCT_NAME = "$(TARGET_NAME)";
				SWIFT_VERSION = 4.0;
				TARGETED_DEVICE_FAMILY = "1,2";
				TEST_TARGET_NAME = GRABULL;
			};
			name = Release;
		};
/* End XCBuildConfiguration section */

/* Begin XCConfigurationList section */
		18B9C4B320579555004CEDA5 /* Build configuration list for PBXProject "GRABULL" */ = {
			isa = XCConfigurationList;
			buildConfigurations = (
				18B9C4E120579556004CEDA5 /* Debug */,
				18B9C4E220579556004CEDA5 /* Release */,
			);
			defaultConfigurationIsVisible = 0;
			defaultConfigurationName = Release;
		};
		18B9C4E320579556004CEDA5 /* Build configuration list for PBXNativeTarget "GRABULL" */ = {
			isa = XCConfigurationList;
			buildConfigurations = (
				18B9C4E420579556004CEDA5 /* Debug */,
				18B9C4E520579556004CEDA5 /* Release */,
			);
			defaultConfigurationIsVisible = 0;
			defaultConfigurationName = Release;
		};
		18B9C4E620579556004CEDA5 /* Build configuration list for PBXNativeTarget "GRABULLTests" */ = {
			isa = XCConfigurationList;
			buildConfigurations = (
				18B9C4E720579556004CEDA5 /* Debug */,
				18B9C4E820579556004CEDA5 /* Release */,
			);
			defaultConfigurationIsVisible = 0;
			defaultConfigurationName = Release;
		};
		18B9C4E920579556004CEDA5 /* Build configuration list for PBXNativeTarget "GRABULLUITests" */ = {
			isa = XCConfigurationList;
			buildConfigurations = (
				18B9C4EA20579556004CEDA5 /* Debug */,
				18B9C4EB20579556004CEDA5 /* Release */,
			);
			defaultConfigurationIsVisible = 0;
			defaultConfigurationName = Release;
		};
/* End XCConfigurationList section */

/* Begin XCVersionGroup section */
		18B9C4C220579555004CEDA5 /* GRABULL.xcdatamodeld */ = {
			isa = XCVersionGroup;
			children = (
				18B9C4C320579555004CEDA5 /* GRABULL.xcdatamodel */,
			);
			currentVersion = 18B9C4C320579555004CEDA5 /* GRABULL.xcdatamodel */;
			path = GRABULL.xcdatamodeld;
			sourceTree = "<group>";
			versionGroupType = wrapper.xcdatamodel;
		};
/* End XCVersionGroup section */
	};
	rootObject = 18B9C4B020579555004CEDA5 /* Project object */;
}
